
Microsoft Visual Studio Solution File, Format Version 12.00
# Visual Studio 15
VisualStudioVersion = 15.0.28010.2003
MinimumVisualStudioVersion = 10.0.40219.1
Project("{9A19103F-16F7-4668-BE54-9A1E7A4F7556}") = "GeneGenie.Gedcom", "GeneGenie.Gedcom\GeneGenie.Gedcom.csproj", "{872AE81C-2178-4D2B-9077-34A8AD1595D9}"
EndProject
Project("{9A19103F-16F7-4668-BE54-9A1E7A4F7556}") = "GeneGenie.Gedcom.Parser", "GeneGenie.Gedcom.Parser\GeneGenie.Gedcom.Parser.csproj", "{1CACB4ED-A0AC-49B0-BFCF-3EBA26DF558C}"
	ProjectSection(ProjectDependencies) = postProject
		{872AE81C-2178-4D2B-9077-34A8AD1595D9} = {872AE81C-2178-4D2B-9077-34A8AD1595D9}
	EndProjectSection
EndProject
Project("{9A19103F-16F7-4668-BE54-9A1E7A4F7556}") = "GeneGenie.Gedcom.Tests", "GeneGenie.Gedcom.Tests\GeneGenie.Gedcom.Tests.csproj", "{CF78D435-CA1C-47C0-AA77-03311C2DD1EA}"
	ProjectSection(ProjectDependencies) = postProject
		{872AE81C-2178-4D2B-9077-34A8AD1595D9} = {872AE81C-2178-4D2B-9077-34A8AD1595D9}
		{1CACB4ED-A0AC-49B0-BFCF-3EBA26DF558C} = {1CACB4ED-A0AC-49B0-BFCF-3EBA26DF558C}
	EndProjectSection
EndProject
Project("{2150E333-8FDC-42A3-9474-1A3956D46DE8}") = "Solution Items", "Solution Items", "{F401944E-C633-4259-808F-B34422A46ECB}"
	ProjectSection(SolutionItems) = preProject
		Contributing.md = Contributing.md
		ContributorLicenceAgreement.md = ContributorLicenceAgreement.md
		Licence.txt = Licence.txt
		README.md = README.md
		SolutionAssemblyInfo.cs = SolutionAssemblyInfo.cs
	EndProjectSection
EndProject
Project("{2150E333-8FDC-42A3-9474-1A3956D46DE8}") = "nuget", "nuget", "{46146A60-2A90-4583-A8E9-43B095085D39}"
	ProjectSection(SolutionItems) = preProject
		Contributing.md = Contributing.md
		nuget\nuget.exe = nuget\nuget.exe
	EndProjectSection
EndProject
Project("{2150E333-8FDC-42A3-9474-1A3956D46DE8}") = "build", "build", "{7EFA9B20-4650-4219-B6B2-BB44B2E909BF}"
	ProjectSection(SolutionItems) = preProject
		build.cake = build.cake
		build.ps1 = build.ps1
		build_nuget.cake = build_nuget.cake
		build_nuget.ps1 = build_nuget.ps1
	EndProjectSection
EndProject
Project("{FAE04EC0-301F-11D3-BF4B-00C04F79EFBC}") = "GeneGenie.Gedcom.Sample", "GeneGenie.Gedcom.Sample\GeneGenie.Gedcom.Sample.csproj", "{4160B51D-E4B8-4962-8E88-8925ACA07CEA}"
EndProject
Global
	GlobalSection(SolutionConfigurationPlatforms) = preSolution
		Debug|Any CPU = Debug|Any CPU
		Release Nuget 4.0|Any CPU = Release Nuget 4.0|Any CPU
		Release Nuget 4.5|Any CPU = Release Nuget 4.5|Any CPU
		Release Nuget 4.6|Any CPU = Release Nuget 4.6|Any CPU
		Release|Any CPU = Release|Any CPU
	EndGlobalSection
	GlobalSection(ProjectConfigurationPlatforms) = postSolution
		{872AE81C-2178-4D2B-9077-34A8AD1595D9}.Debug|Any CPU.ActiveCfg = Debug|Any CPU
		{872AE81C-2178-4D2B-9077-34A8AD1595D9}.Debug|Any CPU.Build.0 = Debug|Any CPU
		{872AE81C-2178-4D2B-9077-34A8AD1595D9}.Release Nuget 4.0|Any CPU.ActiveCfg = Release|Any CPU
		{872AE81C-2178-4D2B-9077-34A8AD1595D9}.Release Nuget 4.0|Any CPU.Build.0 = Release|Any CPU
		{872AE81C-2178-4D2B-9077-34A8AD1595D9}.Release Nuget 4.5|Any CPU.ActiveCfg = Release|Any CPU
		{872AE81C-2178-4D2B-9077-34A8AD1595D9}.Release Nuget 4.5|Any CPU.Build.0 = Release|Any CPU
		{872AE81C-2178-4D2B-9077-34A8AD1595D9}.Release Nuget 4.6|Any CPU.ActiveCfg = Release|Any CPU
		{872AE81C-2178-4D2B-9077-34A8AD1595D9}.Release Nuget 4.6|Any CPU.Build.0 = Release|Any CPU
		{872AE81C-2178-4D2B-9077-34A8AD1595D9}.Release|Any CPU.ActiveCfg = Release|Any CPU
		{872AE81C-2178-4D2B-9077-34A8AD1595D9}.Release|Any CPU.Build.0 = Release|Any CPU
		{1CACB4ED-A0AC-49B0-BFCF-3EBA26DF558C}.Debug|Any CPU.ActiveCfg = Debug|Any CPU
		{1CACB4ED-A0AC-49B0-BFCF-3EBA26DF558C}.Debug|Any CPU.Build.0 = Debug|Any CPU
		{1CACB4ED-A0AC-49B0-BFCF-3EBA26DF558C}.Release Nuget 4.0|Any CPU.ActiveCfg = Release|Any CPU
		{1CACB4ED-A0AC-49B0-BFCF-3EBA26DF558C}.Release Nuget 4.0|Any CPU.Build.0 = Release|Any CPU
		{1CACB4ED-A0AC-49B0-BFCF-3EBA26DF558C}.Release Nuget 4.5|Any CPU.ActiveCfg = Release|Any CPU
		{1CACB4ED-A0AC-49B0-BFCF-3EBA26DF558C}.Release Nuget 4.5|Any CPU.Build.0 = Release|Any CPU
		{1CACB4ED-A0AC-49B0-BFCF-3EBA26DF558C}.Release Nuget 4.6|Any CPU.ActiveCfg = Release|Any CPU
		{1CACB4ED-A0AC-49B0-BFCF-3EBA26DF558C}.Release Nuget 4.6|Any CPU.Build.0 = Release|Any CPU
		{1CACB4ED-A0AC-49B0-BFCF-3EBA26DF558C}.Release|Any CPU.ActiveCfg = Release|Any CPU
		{1CACB4ED-A0AC-49B0-BFCF-3EBA26DF558C}.Release|Any CPU.Build.0 = Release|Any CPU
		{CF78D435-CA1C-47C0-AA77-03311C2DD1EA}.Debug|Any CPU.ActiveCfg = Debug|Any CPU
		{CF78D435-CA1C-47C0-AA77-03311C2DD1EA}.Debug|Any CPU.Build.0 = Debug|Any CPU
		{CF78D435-CA1C-47C0-AA77-03311C2DD1EA}.Release Nuget 4.0|Any CPU.ActiveCfg = Release|Any CPU
		{CF78D435-CA1C-47C0-AA77-03311C2DD1EA}.Release Nuget 4.0|Any CPU.Build.0 = Release|Any CPU
		{CF78D435-CA1C-47C0-AA77-03311C2DD1EA}.Release Nuget 4.5|Any CPU.ActiveCfg = Release|Any CPU
		{CF78D435-CA1C-47C0-AA77-03311C2DD1EA}.Release Nuget 4.5|Any CPU.Build.0 = Release|Any CPU
		{CF78D435-CA1C-47C0-AA77-03311C2DD1EA}.Release Nuget 4.6|Any CPU.ActiveCfg = Release|Any CPU
		{CF78D435-CA1C-47C0-AA77-03311C2DD1EA}.Release Nuget 4.6|Any CPU.Build.0 = Release|Any CPU
		{CF78D435-CA1C-47C0-AA77-03311C2DD1EA}.Release|Any CPU.ActiveCfg = Release|Any CPU
		{CF78D435-CA1C-47C0-AA77-03311C2DD1EA}.Release|Any CPU.Build.0 = Release|Any CPU
		{4160B51D-E4B8-4962-8E88-8925ACA07CEA}.Debug|Any CPU.ActiveCfg = Debug|Any CPU
		{4160B51D-E4B8-4962-8E88-8925ACA07CEA}.Debug|Any CPU.Build.0 = Debug|Any CPU
		{4160B51D-E4B8-4962-8E88-8925ACA07CEA}.Release Nuget 4.0|Any CPU.ActiveCfg = Release|Any CPU
		{4160B51D-E4B8-4962-8E88-8925ACA07CEA}.Release Nuget 4.0|Any CPU.Build.0 = Release|Any CPU
		{4160B51D-E4B8-4962-8E88-8925ACA07CEA}.Release Nuget 4.5|Any CPU.ActiveCfg = Release|Any CPU
		{4160B51D-E4B8-4962-8E88-8925ACA07CEA}.Release Nuget 4.5|Any CPU.Build.0 = Release|Any CPU
		{4160B51D-E4B8-4962-8E88-8925ACA07CEA}.Release Nuget 4.6|Any CPU.ActiveCfg = Release|Any CPU
		{4160B51D-E4B8-4962-8E88-8925ACA07CEA}.Release Nuget 4.6|Any CPU.Build.0 = Release|Any CPU
		{4160B51D-E4B8-4962-8E88-8925ACA07CEA}.Release|Any CPU.ActiveCfg = Release|Any CPU
		{4160B51D-E4B8-4962-8E88-8925ACA07CEA}.Release|Any CPU.Build.0 = Release|Any CPU
	EndGlobalSection
	GlobalSection(SolutionProperties) = preSolution
		HideSolutionNode = FALSE
	EndGlobalSection
	GlobalSection(NestedProjects) = preSolution
		{46146A60-2A90-4583-A8E9-43B095085D39} = {F401944E-C633-4259-808F-B34422A46ECB}
		{7EFA9B20-4650-4219-B6B2-BB44B2E909BF} = {F401944E-C633-4259-808F-B34422A46ECB}
	EndGlobalSection
	GlobalSection(ExtensibilityGlobals) = postSolution
		SolutionGuid = {43BB825A-F62C-4ACC-B529-A7998B49D345}
	EndGlobalSection
	GlobalSection(MonoDevelopProperties) = preSolution
		name = Gedcom.NET
		version = 0.6
		StartupItem = Gedcom.UI\Gedcom.UI.GTK\Gedcom.UI.GTK.csproj
		MonoDevelop.ChangeLogAddIn.ChangeLogInfo = $0
		$0.policy = UpdateNearestChangeLog
	EndGlobalSection
EndGlobal
