
Microsoft Visual Studio Solution File, Format Version 12.00
# Visual Studio 14
VisualStudioVersion = 14.0.25420.1
MinimumVisualStudioVersion = 10.0.40219.1
Project("{FAE04EC0-301F-11D3-BF4B-00C04F79EFBC}") = "GeneGenie.Gedcom", "GeneGenie.Gedcom\GeneGenie.Gedcom.csproj", "{872AE81C-2178-4D2B-9077-34A8AD1595D9}"
EndProject
Project("{FAE04EC0-301F-11D3-BF4B-00C04F79EFBC}") = "GeneGenie.Gedcom.Parser", "GeneGenie.Gedcom.Parser\GeneGenie.Gedcom.Parser.csproj", "{1CACB4ED-A0AC-49B0-BFCF-3EBA26DF558C}"
	ProjectSection(ProjectDependencies) = postProject
		{872AE81C-2178-4D2B-9077-34A8AD1595D9} = {872AE81C-2178-4D2B-9077-34A8AD1595D9}
	EndProjectSection
EndProject
Project("{FAE04EC0-301F-11D3-BF4B-00C04F79EFBC}") = "GeneGenie.Gedcom.Reports", "GeneGenie.Gedcom.Reports\GeneGenie.Gedcom.Reports.csproj", "{67BD6594-7528-4185-B660-90DF29153671}"
	ProjectSection(ProjectDependencies) = postProject
		{872AE81C-2178-4D2B-9077-34A8AD1595D9} = {872AE81C-2178-4D2B-9077-34A8AD1595D9}
	EndProjectSection
EndProject
Project("{FAE04EC0-301F-11D3-BF4B-00C04F79EFBC}") = "GeneGenie.Gedcom.Tests", "GeneGenie.Gedcom.Tests\GeneGenie.Gedcom.Tests.csproj", "{CF78D435-CA1C-47C0-AA77-03311C2DD1EA}"
	ProjectSection(ProjectDependencies) = postProject
		{872AE81C-2178-4D2B-9077-34A8AD1595D9} = {872AE81C-2178-4D2B-9077-34A8AD1595D9}
		{67BD6594-7528-4185-B660-90DF29153671} = {67BD6594-7528-4185-B660-90DF29153671}
		{1CACB4ED-A0AC-49B0-BFCF-3EBA26DF558C} = {1CACB4ED-A0AC-49B0-BFCF-3EBA26DF558C}
	EndProjectSection
EndProject
Project("{FAE04EC0-301F-11D3-BF4B-00C04F79EFBC}") = "GeneGenie.Gedcom.Benchmarks", "GeneGenie.Gedcom.Benchmarks\GeneGenie.Gedcom.Benchmarks.csproj", "{133A8AB0-A066-436E-9E2A-D7F6F2144F2E}"
EndProject
Global
	GlobalSection(SolutionConfigurationPlatforms) = preSolution
		Debug - VS|Any CPU = Debug - VS|Any CPU
		Debug|Any CPU = Debug|Any CPU
		Release - VS|Any CPU = Release - VS|Any CPU
		Release|Any CPU = Release|Any CPU
	EndGlobalSection
	GlobalSection(ProjectConfigurationPlatforms) = postSolution
		{872AE81C-2178-4D2B-9077-34A8AD1595D9}.Debug - VS|Any CPU.ActiveCfg = Debug - VS|Any CPU
		{872AE81C-2178-4D2B-9077-34A8AD1595D9}.Debug - VS|Any CPU.Build.0 = Debug - VS|Any CPU
		{872AE81C-2178-4D2B-9077-34A8AD1595D9}.Debug|Any CPU.ActiveCfg = Debug|Any CPU
		{872AE81C-2178-4D2B-9077-34A8AD1595D9}.Debug|Any CPU.Build.0 = Debug|Any CPU
		{872AE81C-2178-4D2B-9077-34A8AD1595D9}.Release - VS|Any CPU.ActiveCfg = Release - VS|Any CPU
		{872AE81C-2178-4D2B-9077-34A8AD1595D9}.Release - VS|Any CPU.Build.0 = Release - VS|Any CPU
		{872AE81C-2178-4D2B-9077-34A8AD1595D9}.Release|Any CPU.ActiveCfg = Release|Any CPU
		{872AE81C-2178-4D2B-9077-34A8AD1595D9}.Release|Any CPU.Build.0 = Release|Any CPU
		{1CACB4ED-A0AC-49B0-BFCF-3EBA26DF558C}.Debug - VS|Any CPU.ActiveCfg = Debug - VS|Any CPU
		{1CACB4ED-A0AC-49B0-BFCF-3EBA26DF558C}.Debug - VS|Any CPU.Build.0 = Debug - VS|Any CPU
		{1CACB4ED-A0AC-49B0-BFCF-3EBA26DF558C}.Debug|Any CPU.ActiveCfg = Debug|Any CPU
		{1CACB4ED-A0AC-49B0-BFCF-3EBA26DF558C}.Debug|Any CPU.Build.0 = Debug|Any CPU
		{1CACB4ED-A0AC-49B0-BFCF-3EBA26DF558C}.Release - VS|Any CPU.ActiveCfg = Release - VS|Any CPU
		{1CACB4ED-A0AC-49B0-BFCF-3EBA26DF558C}.Release - VS|Any CPU.Build.0 = Release - VS|Any CPU
		{1CACB4ED-A0AC-49B0-BFCF-3EBA26DF558C}.Release|Any CPU.ActiveCfg = Release|Any CPU
		{1CACB4ED-A0AC-49B0-BFCF-3EBA26DF558C}.Release|Any CPU.Build.0 = Release|Any CPU
		{67BD6594-7528-4185-B660-90DF29153671}.Debug - VS|Any CPU.ActiveCfg = Debug - VS|Any CPU
		{67BD6594-7528-4185-B660-90DF29153671}.Debug - VS|Any CPU.Build.0 = Debug - VS|Any CPU
		{67BD6594-7528-4185-B660-90DF29153671}.Debug|Any CPU.ActiveCfg = Debug|Any CPU
		{67BD6594-7528-4185-B660-90DF29153671}.Debug|Any CPU.Build.0 = Debug|Any CPU
		{67BD6594-7528-4185-B660-90DF29153671}.Release - VS|Any CPU.ActiveCfg = Release - VS|Any CPU
		{67BD6594-7528-4185-B660-90DF29153671}.Release - VS|Any CPU.Build.0 = Release - VS|Any CPU
		{67BD6594-7528-4185-B660-90DF29153671}.Release|Any CPU.ActiveCfg = Release|Any CPU
		{67BD6594-7528-4185-B660-90DF29153671}.Release|Any CPU.Build.0 = Release|Any CPU
		{CF78D435-CA1C-47C0-AA77-03311C2DD1EA}.Debug - VS|Any CPU.ActiveCfg = Debug - VS|Any CPU
		{CF78D435-CA1C-47C0-AA77-03311C2DD1EA}.Debug - VS|Any CPU.Build.0 = Debug - VS|Any CPU
		{CF78D435-CA1C-47C0-AA77-03311C2DD1EA}.Debug|Any CPU.ActiveCfg = Debug|Any CPU
		{CF78D435-CA1C-47C0-AA77-03311C2DD1EA}.Debug|Any CPU.Build.0 = Debug|Any CPU
		{CF78D435-CA1C-47C0-AA77-03311C2DD1EA}.Release - VS|Any CPU.ActiveCfg = Release - VS|Any CPU
		{CF78D435-CA1C-47C0-AA77-03311C2DD1EA}.Release|Any CPU.ActiveCfg = Release|Any CPU
		{CF78D435-CA1C-47C0-AA77-03311C2DD1EA}.Release|Any CPU.Build.0 = Release|Any CPU
		{133A8AB0-A066-436E-9E2A-D7F6F2144F2E}.Debug - VS|Any CPU.ActiveCfg = Debug|Any CPU
		{133A8AB0-A066-436E-9E2A-D7F6F2144F2E}.Debug - VS|Any CPU.Build.0 = Debug|Any CPU
		{133A8AB0-A066-436E-9E2A-D7F6F2144F2E}.Debug|Any CPU.ActiveCfg = Debug|Any CPU
		{133A8AB0-A066-436E-9E2A-D7F6F2144F2E}.Debug|Any CPU.Build.0 = Debug|Any CPU
		{133A8AB0-A066-436E-9E2A-D7F6F2144F2E}.Release - VS|Any CPU.ActiveCfg = Release|Any CPU
		{133A8AB0-A066-436E-9E2A-D7F6F2144F2E}.Release - VS|Any CPU.Build.0 = Release|Any CPU
		{133A8AB0-A066-436E-9E2A-D7F6F2144F2E}.Release|Any CPU.ActiveCfg = Release|Any CPU
		{133A8AB0-A066-436E-9E2A-D7F6F2144F2E}.Release|Any CPU.Build.0 = Release|Any CPU
	EndGlobalSection
	GlobalSection(SolutionProperties) = preSolution
		HideSolutionNode = FALSE
	EndGlobalSection
	GlobalSection(MonoDevelopProperties) = preSolution
		name = Gedcom.NET
		version = 0.6
		StartupItem = Gedcom.UI\Gedcom.UI.GTK\Gedcom.UI.GTK.csproj
		MonoDevelop.ChangeLogAddIn.ChangeLogInfo = $0
		$0.policy = UpdateNearestChangeLog
	EndGlobalSection
EndGlobal
